{
  "version": 4,
  "terraform_version": "0.14.3",
  "serial": 128,
  "lineage": "4c1d7ff0-efc4-934a-721c-2e32c05a2ca7",
  "outputs": {},
  "resources": [
    {
      "mode": "managed",
      "type": "aws_internet_gateway",
      "name": "dt1-igw",
      "provider": "provider[\"registry.terraform.io/hashicorp/aws\"]",
      "instances": [
        {
          "schema_version": 0,
          "attributes": {
            "arn": "arn:aws:ec2:us-east-2:996166566464:internet-gateway/igw-0ad06bcbdf54cdb19",
            "id": "igw-0ad06bcbdf54cdb19",
            "owner_id": "996166566464",
            "tags": {
              "Name": "dt1-igw"
            },
            "tags_all": {
              "Name": "dt1-igw"
            },
            "vpc_id": "vpc-083de0b3fb4be642c"
          },
          "sensitive_attributes": []
        }
      ]
    },
    {
      "mode": "managed",
      "type": "aws_lb_listener",
      "name": "front_end",
      "provider": "provider[\"registry.terraform.io/hashicorp/aws\"]",
      "instances": []
    },
    {
      "mode": "managed",
      "type": "aws_lb_target_group",
      "name": "group",
      "provider": "provider[\"registry.terraform.io/hashicorp/aws\"]",
      "instances": []
    },
    {
      "mode": "managed",
      "type": "aws_subnet",
      "name": "public1",
      "provider": "provider[\"registry.terraform.io/hashicorp/aws\"]",
      "instances": [
        {
          "schema_version": 1,
          "attributes": {
            "arn": "arn:aws:ec2:us-east-2:996166566464:subnet/subnet-0df8db734e6701338",
            "assign_ipv6_address_on_creation": false,
            "availability_zone": "us-east-2a",
            "availability_zone_id": "use2-az1",
            "cidr_block": "172.16.0.0/20",
            "customer_owned_ipv4_pool": "",
            "id": "subnet-0df8db734e6701338",
            "ipv6_cidr_block": "",
            "ipv6_cidr_block_association_id": "",
            "map_customer_owned_ip_on_launch": false,
            "map_public_ip_on_launch": true,
            "outpost_arn": "",
            "owner_id": "996166566464",
            "tags": {
              "Name": "dt1-public-1"
            },
            "tags_all": {
              "Name": "dt1-public-1"
            },
            "timeouts": null,
            "vpc_id": "vpc-083de0b3fb4be642c"
          },
          "sensitive_attributes": []
        }
      ]
    },
    {
      "mode": "managed",
      "type": "aws_vpc",
      "name": "dt1_vpc",
      "provider": "provider[\"registry.terraform.io/hashicorp/aws\"]",
      "instances": [
        {
          "schema_version": 1,
          "attributes": {
            "arn": "arn:aws:ec2:us-east-2:996166566464:vpc/vpc-083de0b3fb4be642c",
            "assign_generated_ipv6_cidr_block": false,
            "cidr_block": "172.16.0.0/16",
            "default_network_acl_id": "acl-0a7cfb5d006231bc0",
            "default_route_table_id": "rtb-0d748e986bc314b37",
            "default_security_group_id": "sg-0e6aaf5344d39e104",
            "dhcp_options_id": "dopt-03175968",
            "enable_classiclink": null,
            "enable_classiclink_dns_support": null,
            "enable_dns_hostnames": true,
            "enable_dns_support": true,
            "id": "vpc-083de0b3fb4be642c",
            "instance_tenancy": "default",
            "ipv6_association_id": "",
            "ipv6_cidr_block": "",
            "main_route_table_id": "rtb-0d748e986bc314b37",
            "owner_id": "996166566464",
            "tags": {
              "Name": "dt1_vpc"
            },
            "tags_all": {
              "Name": "dt1_vpc"
            }
          },
          "sensitive_attributes": [],
          "private": "eyJzY2hlbWFfdmVyc2lvbiI6IjEifQ=="
        }
      ]
    }
  ]
}
